
Microsoft Visual Studio Solution File, Format Version 12.00
# Visual Studio Version 17
VisualStudioVersion = 17.3.32825.248
MinimumVisualStudioVersion = 10.0.40219.1
Project("{FAE04EC0-301F-11D3-BF4B-00C04F79EFBC}") = "MoonLauncher", "MoonLauncher\MoonLauncher.csproj", "{FB4E2F4C-F047-4231-9D0F-F517250FD0C3}"
EndProject
Global
	GlobalSection(SolutionConfigurationPlatforms) = preSolution
		Debug|Any CPU = Debug|Any CPU
		Release|Any CPU = Release|Any CPU
	EndGlobalSection
	GlobalSection(ProjectConfigurationPlatforms) = postSolution
		{FB4E2F4C-F047-4231-9D0F-F517250FD0C3}.Debug|Any CPU.ActiveCfg = Debug|Any CPU
		{FB4E2F4C-F047-4231-9D0F-F517250FD0C3}.Debug|Any CPU.Build.0 = Debug|Any CPU
		{FB4E2F4C-F047-4231-9D0F-F517250FD0C3}.Release|Any CPU.ActiveCfg = Release|Any CPU
		{FB4E2F4C-F047-4231-9D0F-F517250FD0C3}.Release|Any CPU.Build.0 = Release|Any CPU
	EndGlobalSection
	GlobalSection(SolutionProperties) = preSolution
		HideSolutionNode = FALSE
	EndGlobalSection
	GlobalSection(ExtensibilityGlobals) = postSolution
		SolutionGuid = {EE2747F2-E8C5-41DB-8DE4-FEFE422A601B}
	EndGlobalSection
EndGlobal
